
Microsoft Visual Studio Solution File, Format Version 12.00
# Visual Studio 15
VisualStudioVersion = 15.0.27703.2026
MinimumVisualStudioVersion = 10.0.40219.1
Project("{FAE04EC0-301F-11D3-BF4B-00C04F79EFBC}") = "CantiereApp", "CantiereApp\CantiereApp.csproj", "{A37F0E1D-4FDE-4C72-9DBF-BA8BD8D20AA4}"
EndProject
Global
	GlobalSection(SolutionConfigurationPlatforms) = preSolution
		Debug|Any CPU = Debug|Any CPU
		Release|Any CPU = Release|Any CPU
	EndGlobalSection
	GlobalSection(ProjectConfigurationPlatforms) = postSolution
		{A37F0E1D-4FDE-4C72-9DBF-BA8BD8D20AA4}.Debug|Any CPU.ActiveCfg = Debug|Any CPU
		{A37F0E1D-4FDE-4C72-9DBF-BA8BD8D20AA4}.Debug|Any CPU.Build.0 = Debug|Any CPU
		{A37F0E1D-4FDE-4C72-9DBF-BA8BD8D20AA4}.Release|Any CPU.ActiveCfg = Release|Any CPU
		{A37F0E1D-4FDE-4C72-9DBF-BA8BD8D20AA4}.Release|Any CPU.Build.0 = Release|Any CPU
	EndGlobalSection
	GlobalSection(SolutionProperties) = preSolution
		HideSolutionNode = FALSE
	EndGlobalSection
	GlobalSection(ExtensibilityGlobals) = postSolution
		SolutionGuid = {0A1FA3B1-38B0-4222-8A3F-4EF6D8899B4B}
	EndGlobalSection
EndGlobal
